
Microsoft Visual Studio Solution File, Format Version 12.00
# Visual Studio 15
VisualStudioVersion = 15.0.27428.1
MinimumVisualStudioVersion = 10.0.40219.1
Project("{FAE04EC0-301F-11D3-BF4B-00C04F79EFBC}") = "MoSeqAcquire", "MoSeqAcquire\MoSeqAcquire.csproj", "{BF8FDFEC-1160-4F80-A276-E8D9AED4F064}"
EndProject
Project("{FAE04EC0-301F-11D3-BF4B-00C04F79EFBC}") = "Hdf5DotNetTools", "..\Hdf5DotnetTools\Hdf5DotNetTools\Hdf5DotNetTools.csproj", "{ADCC9AD9-EE46-4237-9220-95EAEA143D17}"
EndProject
Project("{FAE04EC0-301F-11D3-BF4B-00C04F79EFBC}") = "SynapseTools", "SynapseAPI\SynapseTools.csproj", "{CCAEB2AA-DB1A-47EB-937E-C3258A20B2F2}"
EndProject
Project("{FAE04EC0-301F-11D3-BF4B-00C04F79EFBC}") = "SynapseToolsTests", "SynapseAPITests\SynapseToolsTests.csproj", "{4264A131-4D1B-46EA-8743-3AEA3844BE36}"
EndProject
Global
	GlobalSection(SolutionConfigurationPlatforms) = preSolution
		Debug|Any CPU = Debug|Any CPU
		Debug|x64 = Debug|x64
		Release|Any CPU = Release|Any CPU
		Release|x64 = Release|x64
	EndGlobalSection
	GlobalSection(ProjectConfigurationPlatforms) = postSolution
		{BF8FDFEC-1160-4F80-A276-E8D9AED4F064}.Debug|Any CPU.ActiveCfg = Debug|Any CPU
		{BF8FDFEC-1160-4F80-A276-E8D9AED4F064}.Debug|Any CPU.Build.0 = Debug|Any CPU
		{BF8FDFEC-1160-4F80-A276-E8D9AED4F064}.Debug|x64.ActiveCfg = Debug|Any CPU
		{BF8FDFEC-1160-4F80-A276-E8D9AED4F064}.Debug|x64.Build.0 = Debug|Any CPU
		{BF8FDFEC-1160-4F80-A276-E8D9AED4F064}.Release|Any CPU.ActiveCfg = Release|Any CPU
		{BF8FDFEC-1160-4F80-A276-E8D9AED4F064}.Release|Any CPU.Build.0 = Release|Any CPU
		{BF8FDFEC-1160-4F80-A276-E8D9AED4F064}.Release|x64.ActiveCfg = Release|Any CPU
		{BF8FDFEC-1160-4F80-A276-E8D9AED4F064}.Release|x64.Build.0 = Release|Any CPU
		{ADCC9AD9-EE46-4237-9220-95EAEA143D17}.Debug|Any CPU.ActiveCfg = Debug|Any CPU
		{ADCC9AD9-EE46-4237-9220-95EAEA143D17}.Debug|Any CPU.Build.0 = Debug|Any CPU
		{ADCC9AD9-EE46-4237-9220-95EAEA143D17}.Debug|x64.ActiveCfg = Debug|x64
		{ADCC9AD9-EE46-4237-9220-95EAEA143D17}.Debug|x64.Build.0 = Debug|x64
		{ADCC9AD9-EE46-4237-9220-95EAEA143D17}.Release|Any CPU.ActiveCfg = Release|Any CPU
		{ADCC9AD9-EE46-4237-9220-95EAEA143D17}.Release|Any CPU.Build.0 = Release|Any CPU
		{ADCC9AD9-EE46-4237-9220-95EAEA143D17}.Release|x64.ActiveCfg = Release|x64
		{ADCC9AD9-EE46-4237-9220-95EAEA143D17}.Release|x64.Build.0 = Release|x64
		{CCAEB2AA-DB1A-47EB-937E-C3258A20B2F2}.Debug|Any CPU.ActiveCfg = Debug|Any CPU
		{CCAEB2AA-DB1A-47EB-937E-C3258A20B2F2}.Debug|Any CPU.Build.0 = Debug|Any CPU
		{CCAEB2AA-DB1A-47EB-937E-C3258A20B2F2}.Debug|x64.ActiveCfg = Debug|Any CPU
		{CCAEB2AA-DB1A-47EB-937E-C3258A20B2F2}.Debug|x64.Build.0 = Debug|Any CPU
		{CCAEB2AA-DB1A-47EB-937E-C3258A20B2F2}.Release|Any CPU.ActiveCfg = Release|Any CPU
		{CCAEB2AA-DB1A-47EB-937E-C3258A20B2F2}.Release|Any CPU.Build.0 = Release|Any CPU
		{CCAEB2AA-DB1A-47EB-937E-C3258A20B2F2}.Release|x64.ActiveCfg = Release|Any CPU
		{CCAEB2AA-DB1A-47EB-937E-C3258A20B2F2}.Release|x64.Build.0 = Release|Any CPU
		{4264A131-4D1B-46EA-8743-3AEA3844BE36}.Debug|Any CPU.ActiveCfg = Debug|Any CPU
		{4264A131-4D1B-46EA-8743-3AEA3844BE36}.Debug|Any CPU.Build.0 = Debug|Any CPU
		{4264A131-4D1B-46EA-8743-3AEA3844BE36}.Debug|x64.ActiveCfg = Debug|Any CPU
		{4264A131-4D1B-46EA-8743-3AEA3844BE36}.Debug|x64.Build.0 = Debug|Any CPU
		{4264A131-4D1B-46EA-8743-3AEA3844BE36}.Release|Any CPU.ActiveCfg = Release|Any CPU
		{4264A131-4D1B-46EA-8743-3AEA3844BE36}.Release|Any CPU.Build.0 = Release|Any CPU
		{4264A131-4D1B-46EA-8743-3AEA3844BE36}.Release|x64.ActiveCfg = Release|Any CPU
		{4264A131-4D1B-46EA-8743-3AEA3844BE36}.Release|x64.Build.0 = Release|Any CPU
	EndGlobalSection
	GlobalSection(SolutionProperties) = preSolution
		HideSolutionNode = FALSE
	EndGlobalSection
	GlobalSection(ExtensibilityGlobals) = postSolution
		SolutionGuid = {C6786BB0-2164-48DF-9EDB-D0D34E984B4E}
	EndGlobalSection
EndGlobal
