
Microsoft Visual Studio Solution File, Format Version 12.00
# Visual Studio 15
VisualStudioVersion = 15.0.27428.1
MinimumVisualStudioVersion = 10.0.40219.1
Project("{FAE04EC0-301F-11D3-BF4B-00C04F79EFBC}") = "MoSeqAcquire", "MoSeqAcquire\MoSeqAcquire.csproj", "{BF8FDFEC-1160-4F80-A276-E8D9AED4F064}"
EndProject
Project("{FAE04EC0-301F-11D3-BF4B-00C04F79EFBC}") = "Hdf5DotNetTools", "..\Hdf5DotnetTools\Hdf5DotNetTools\Hdf5DotNetTools.csproj", "{ADCC9AD9-EE46-4237-9220-95EAEA143D17}"
EndProject
Project("{2150E333-8FDC-42A3-9474-1A3956D46DE8}") = "MediaSources", "MediaSources", "{848150FF-2DD4-4C88-91D3-817B7FC8547C}"
EndProject
Project("{FAE04EC0-301F-11D3-BF4B-00C04F79EFBC}") = "DirectShow", "MediaSources\DirectShow\DirectShow.csproj", "{7BA83073-4DFB-44CB-81BC-8FD9083F51BE}"
EndProject
Project("{FAE04EC0-301F-11D3-BF4B-00C04F79EFBC}") = "Kinect360", "MediaSources\Kinect360\Kinect360.csproj", "{FF0A8391-0E37-473F-AB73-FA66B14036DF}"
EndProject
Project("{2150E333-8FDC-42A3-9474-1A3956D46DE8}") = "Recorders", "Recorders", "{E262988C-6FB7-41C9-BE90-46AF7748EF3A}"
EndProject
Project("{FAE04EC0-301F-11D3-BF4B-00C04F79EFBC}") = "MPEGVideoWriter", "Recorders\MPEGVideoWriter\MPEGVideoWriter.csproj", "{0ED7502F-663F-456C-B6FE-F336C393689B}"
EndProject
Project("{FAE04EC0-301F-11D3-BF4B-00C04F79EFBC}") = "RawDataWriter", "Recorders\RawDataWriter\RawDataWriter.csproj", "{26E1D815-420A-432E-A06C-73FED15AAF20}"
EndProject
Project("{FAE04EC0-301F-11D3-BF4B-00C04F79EFBC}") = "HDF5Writer", "Recorders\HDF5Writer\HDF5Writer.csproj", "{49DB32D2-448B-4371-8172-739F1BB5D8A1}"
EndProject
Project("{FAE04EC0-301F-11D3-BF4B-00C04F79EFBC}") = "SynapseCapture", "MediaSources\SynapseCapture\SynapseCapture.csproj", "{0E4E7506-DC73-4788-A944-A68F73DF6F5B}"
EndProject
Project("{2150E333-8FDC-42A3-9474-1A3956D46DE8}") = "Triggers", "Triggers", "{E15FF6A4-1E79-42F2-A66D-C965854C4FE5}"
EndProject
Project("{FAE04EC0-301F-11D3-BF4B-00C04F79EFBC}") = "SynapseTriggers", "Triggers\SynapseTriggers\SynapseTriggers.csproj", "{36213CF0-706B-48A8-ABDC-A88965101E5B}"
EndProject
Project("{FAE04EC0-301F-11D3-BF4B-00C04F79EFBC}") = "ScriptingTriggers", "Triggers\ScriptingTriggers\ScriptingTriggers.csproj", "{F695B199-3061-4C08-80E2-535C0BE78F23}"
EndProject
Global
	GlobalSection(SolutionConfigurationPlatforms) = preSolution
		Debug|Any CPU = Debug|Any CPU
		Debug|x64 = Debug|x64
		Release|Any CPU = Release|Any CPU
		Release|x64 = Release|x64
	EndGlobalSection
	GlobalSection(ProjectConfigurationPlatforms) = postSolution
		{BF8FDFEC-1160-4F80-A276-E8D9AED4F064}.Debug|Any CPU.ActiveCfg = Debug|Any CPU
		{BF8FDFEC-1160-4F80-A276-E8D9AED4F064}.Debug|Any CPU.Build.0 = Debug|Any CPU
		{BF8FDFEC-1160-4F80-A276-E8D9AED4F064}.Debug|x64.ActiveCfg = Debug|Any CPU
		{BF8FDFEC-1160-4F80-A276-E8D9AED4F064}.Debug|x64.Build.0 = Debug|Any CPU
		{BF8FDFEC-1160-4F80-A276-E8D9AED4F064}.Release|Any CPU.ActiveCfg = Release|Any CPU
		{BF8FDFEC-1160-4F80-A276-E8D9AED4F064}.Release|Any CPU.Build.0 = Release|Any CPU
		{BF8FDFEC-1160-4F80-A276-E8D9AED4F064}.Release|x64.ActiveCfg = Release|Any CPU
		{BF8FDFEC-1160-4F80-A276-E8D9AED4F064}.Release|x64.Build.0 = Release|Any CPU
		{ADCC9AD9-EE46-4237-9220-95EAEA143D17}.Debug|Any CPU.ActiveCfg = Debug|Any CPU
		{ADCC9AD9-EE46-4237-9220-95EAEA143D17}.Debug|Any CPU.Build.0 = Debug|Any CPU
		{ADCC9AD9-EE46-4237-9220-95EAEA143D17}.Debug|x64.ActiveCfg = Debug|x64
		{ADCC9AD9-EE46-4237-9220-95EAEA143D17}.Debug|x64.Build.0 = Debug|x64
		{ADCC9AD9-EE46-4237-9220-95EAEA143D17}.Release|Any CPU.ActiveCfg = Release|Any CPU
		{ADCC9AD9-EE46-4237-9220-95EAEA143D17}.Release|Any CPU.Build.0 = Release|Any CPU
		{ADCC9AD9-EE46-4237-9220-95EAEA143D17}.Release|x64.ActiveCfg = Release|x64
		{ADCC9AD9-EE46-4237-9220-95EAEA143D17}.Release|x64.Build.0 = Release|x64
		{7BA83073-4DFB-44CB-81BC-8FD9083F51BE}.Debug|Any CPU.ActiveCfg = Debug|Any CPU
		{7BA83073-4DFB-44CB-81BC-8FD9083F51BE}.Debug|Any CPU.Build.0 = Debug|Any CPU
		{7BA83073-4DFB-44CB-81BC-8FD9083F51BE}.Debug|x64.ActiveCfg = Debug|Any CPU
		{7BA83073-4DFB-44CB-81BC-8FD9083F51BE}.Debug|x64.Build.0 = Debug|Any CPU
		{7BA83073-4DFB-44CB-81BC-8FD9083F51BE}.Release|Any CPU.ActiveCfg = Release|Any CPU
		{7BA83073-4DFB-44CB-81BC-8FD9083F51BE}.Release|Any CPU.Build.0 = Release|Any CPU
		{7BA83073-4DFB-44CB-81BC-8FD9083F51BE}.Release|x64.ActiveCfg = Release|Any CPU
		{7BA83073-4DFB-44CB-81BC-8FD9083F51BE}.Release|x64.Build.0 = Release|Any CPU
		{FF0A8391-0E37-473F-AB73-FA66B14036DF}.Debug|Any CPU.ActiveCfg = Debug|Any CPU
		{FF0A8391-0E37-473F-AB73-FA66B14036DF}.Debug|Any CPU.Build.0 = Debug|Any CPU
		{FF0A8391-0E37-473F-AB73-FA66B14036DF}.Debug|x64.ActiveCfg = Debug|Any CPU
		{FF0A8391-0E37-473F-AB73-FA66B14036DF}.Debug|x64.Build.0 = Debug|Any CPU
		{FF0A8391-0E37-473F-AB73-FA66B14036DF}.Release|Any CPU.ActiveCfg = Release|Any CPU
		{FF0A8391-0E37-473F-AB73-FA66B14036DF}.Release|Any CPU.Build.0 = Release|Any CPU
		{FF0A8391-0E37-473F-AB73-FA66B14036DF}.Release|x64.ActiveCfg = Release|Any CPU
		{FF0A8391-0E37-473F-AB73-FA66B14036DF}.Release|x64.Build.0 = Release|Any CPU
		{0ED7502F-663F-456C-B6FE-F336C393689B}.Debug|Any CPU.ActiveCfg = Debug|Any CPU
		{0ED7502F-663F-456C-B6FE-F336C393689B}.Debug|Any CPU.Build.0 = Debug|Any CPU
		{0ED7502F-663F-456C-B6FE-F336C393689B}.Debug|x64.ActiveCfg = Debug|Any CPU
		{0ED7502F-663F-456C-B6FE-F336C393689B}.Debug|x64.Build.0 = Debug|Any CPU
		{0ED7502F-663F-456C-B6FE-F336C393689B}.Release|Any CPU.ActiveCfg = Release|Any CPU
		{0ED7502F-663F-456C-B6FE-F336C393689B}.Release|Any CPU.Build.0 = Release|Any CPU
		{0ED7502F-663F-456C-B6FE-F336C393689B}.Release|x64.ActiveCfg = Release|Any CPU
		{0ED7502F-663F-456C-B6FE-F336C393689B}.Release|x64.Build.0 = Release|Any CPU
		{26E1D815-420A-432E-A06C-73FED15AAF20}.Debug|Any CPU.ActiveCfg = Debug|Any CPU
		{26E1D815-420A-432E-A06C-73FED15AAF20}.Debug|Any CPU.Build.0 = Debug|Any CPU
		{26E1D815-420A-432E-A06C-73FED15AAF20}.Debug|x64.ActiveCfg = Debug|Any CPU
		{26E1D815-420A-432E-A06C-73FED15AAF20}.Debug|x64.Build.0 = Debug|Any CPU
		{26E1D815-420A-432E-A06C-73FED15AAF20}.Release|Any CPU.ActiveCfg = Release|Any CPU
		{26E1D815-420A-432E-A06C-73FED15AAF20}.Release|Any CPU.Build.0 = Release|Any CPU
		{26E1D815-420A-432E-A06C-73FED15AAF20}.Release|x64.ActiveCfg = Release|Any CPU
		{26E1D815-420A-432E-A06C-73FED15AAF20}.Release|x64.Build.0 = Release|Any CPU
		{49DB32D2-448B-4371-8172-739F1BB5D8A1}.Debug|Any CPU.ActiveCfg = Debug|Any CPU
		{49DB32D2-448B-4371-8172-739F1BB5D8A1}.Debug|Any CPU.Build.0 = Debug|Any CPU
		{49DB32D2-448B-4371-8172-739F1BB5D8A1}.Debug|x64.ActiveCfg = Debug|Any CPU
		{49DB32D2-448B-4371-8172-739F1BB5D8A1}.Debug|x64.Build.0 = Debug|Any CPU
		{49DB32D2-448B-4371-8172-739F1BB5D8A1}.Release|Any CPU.ActiveCfg = Release|Any CPU
		{49DB32D2-448B-4371-8172-739F1BB5D8A1}.Release|Any CPU.Build.0 = Release|Any CPU
		{49DB32D2-448B-4371-8172-739F1BB5D8A1}.Release|x64.ActiveCfg = Release|Any CPU
		{49DB32D2-448B-4371-8172-739F1BB5D8A1}.Release|x64.Build.0 = Release|Any CPU
		{0E4E7506-DC73-4788-A944-A68F73DF6F5B}.Debug|Any CPU.ActiveCfg = Debug|Any CPU
		{0E4E7506-DC73-4788-A944-A68F73DF6F5B}.Debug|Any CPU.Build.0 = Debug|Any CPU
		{0E4E7506-DC73-4788-A944-A68F73DF6F5B}.Debug|x64.ActiveCfg = Debug|Any CPU
		{0E4E7506-DC73-4788-A944-A68F73DF6F5B}.Debug|x64.Build.0 = Debug|Any CPU
		{0E4E7506-DC73-4788-A944-A68F73DF6F5B}.Release|Any CPU.ActiveCfg = Release|Any CPU
		{0E4E7506-DC73-4788-A944-A68F73DF6F5B}.Release|Any CPU.Build.0 = Release|Any CPU
		{0E4E7506-DC73-4788-A944-A68F73DF6F5B}.Release|x64.ActiveCfg = Release|Any CPU
		{0E4E7506-DC73-4788-A944-A68F73DF6F5B}.Release|x64.Build.0 = Release|Any CPU
		{36213CF0-706B-48A8-ABDC-A88965101E5B}.Debug|Any CPU.ActiveCfg = Debug|Any CPU
		{36213CF0-706B-48A8-ABDC-A88965101E5B}.Debug|Any CPU.Build.0 = Debug|Any CPU
		{36213CF0-706B-48A8-ABDC-A88965101E5B}.Debug|x64.ActiveCfg = Debug|Any CPU
		{36213CF0-706B-48A8-ABDC-A88965101E5B}.Debug|x64.Build.0 = Debug|Any CPU
		{36213CF0-706B-48A8-ABDC-A88965101E5B}.Release|Any CPU.ActiveCfg = Release|Any CPU
		{36213CF0-706B-48A8-ABDC-A88965101E5B}.Release|Any CPU.Build.0 = Release|Any CPU
		{36213CF0-706B-48A8-ABDC-A88965101E5B}.Release|x64.ActiveCfg = Release|Any CPU
		{36213CF0-706B-48A8-ABDC-A88965101E5B}.Release|x64.Build.0 = Release|Any CPU
		{F695B199-3061-4C08-80E2-535C0BE78F23}.Debug|Any CPU.ActiveCfg = Debug|Any CPU
		{F695B199-3061-4C08-80E2-535C0BE78F23}.Debug|Any CPU.Build.0 = Debug|Any CPU
		{F695B199-3061-4C08-80E2-535C0BE78F23}.Debug|x64.ActiveCfg = Debug|Any CPU
		{F695B199-3061-4C08-80E2-535C0BE78F23}.Debug|x64.Build.0 = Debug|Any CPU
		{F695B199-3061-4C08-80E2-535C0BE78F23}.Release|Any CPU.ActiveCfg = Release|Any CPU
		{F695B199-3061-4C08-80E2-535C0BE78F23}.Release|Any CPU.Build.0 = Release|Any CPU
		{F695B199-3061-4C08-80E2-535C0BE78F23}.Release|x64.ActiveCfg = Release|Any CPU
		{F695B199-3061-4C08-80E2-535C0BE78F23}.Release|x64.Build.0 = Release|Any CPU
	EndGlobalSection
	GlobalSection(SolutionProperties) = preSolution
		HideSolutionNode = FALSE
	EndGlobalSection
	GlobalSection(NestedProjects) = preSolution
		{7BA83073-4DFB-44CB-81BC-8FD9083F51BE} = {848150FF-2DD4-4C88-91D3-817B7FC8547C}
		{FF0A8391-0E37-473F-AB73-FA66B14036DF} = {848150FF-2DD4-4C88-91D3-817B7FC8547C}
		{0ED7502F-663F-456C-B6FE-F336C393689B} = {E262988C-6FB7-41C9-BE90-46AF7748EF3A}
		{26E1D815-420A-432E-A06C-73FED15AAF20} = {E262988C-6FB7-41C9-BE90-46AF7748EF3A}
		{49DB32D2-448B-4371-8172-739F1BB5D8A1} = {E262988C-6FB7-41C9-BE90-46AF7748EF3A}
		{0E4E7506-DC73-4788-A944-A68F73DF6F5B} = {848150FF-2DD4-4C88-91D3-817B7FC8547C}
		{36213CF0-706B-48A8-ABDC-A88965101E5B} = {E15FF6A4-1E79-42F2-A66D-C965854C4FE5}
		{F695B199-3061-4C08-80E2-535C0BE78F23} = {E15FF6A4-1E79-42F2-A66D-C965854C4FE5}
	EndGlobalSection
	GlobalSection(ExtensibilityGlobals) = postSolution
		SolutionGuid = {C6786BB0-2164-48DF-9EDB-D0D34E984B4E}
	EndGlobalSection
EndGlobal
