
Microsoft Visual Studio Solution File, Format Version 12.00
# Visual Studio 15
VisualStudioVersion = 15.0.28307.489
MinimumVisualStudioVersion = 10.0.40219.1
Project("{FAE04EC0-301F-11D3-BF4B-00C04F79EFBC}") = "MoSeqAcquire", "MoSeqAcquire\MoSeqAcquire.csproj", "{BF8FDFEC-1160-4F80-A276-E8D9AED4F064}"
EndProject
Project("{FAE04EC0-301F-11D3-BF4B-00C04F79EFBC}") = "BinaryDataWriter", "BinaryDataWriter\BinaryDataWriter.csproj", "{26E1D815-420A-432E-A06C-73FED15AAF20}"
EndProject
Project("{FAE04EC0-301F-11D3-BF4B-00C04F79EFBC}") = "DirectShow", "DirectShow\DirectShow.csproj", "{7BA83073-4DFB-44CB-81BC-8FD9083F51BE}"
EndProject
Project("{FAE04EC0-301F-11D3-BF4B-00C04F79EFBC}") = "KinectXboxOne", "KinectXboxOne\KinectXboxOne.csproj", "{BC9D6E89-50B2-4690-8B6A-28A73415F9A4}"
EndProject
Project("{FAE04EC0-301F-11D3-BF4B-00C04F79EFBC}") = "MoSeqAcquireTests", "MoSeqAcquireTests\MoSeqAcquireTests.csproj", "{D58A584B-6185-4AFC-BD43-047F1CA427F2}"
	ProjectSection(ProjectDependencies) = postProject
		{0E4E7506-DC73-4788-A944-A68F73DF6F5B} = {0E4E7506-DC73-4788-A944-A68F73DF6F5B}
		{26E1D815-420A-432E-A06C-73FED15AAF20} = {26E1D815-420A-432E-A06C-73FED15AAF20}
		{6916E216-A0FB-454F-851A-55223C87B081} = {6916E216-A0FB-454F-851A-55223C87B081}
		{BC9D6E89-50B2-4690-8B6A-28A73415F9A4} = {BC9D6E89-50B2-4690-8B6A-28A73415F9A4}
		{F695B199-3061-4C08-80E2-535C0BE78F23} = {F695B199-3061-4C08-80E2-535C0BE78F23}
		{36213CF0-706B-48A8-ABDC-A88965101E5B} = {36213CF0-706B-48A8-ABDC-A88965101E5B}
	EndProjectSection
EndProject
Project("{FAE04EC0-301F-11D3-BF4B-00C04F79EFBC}") = "MPEGVideoWriter", "MPEGVideoWriter\MPEGVideoWriter.csproj", "{0ED7502F-663F-456C-B6FE-F336C393689B}"
EndProject
Project("{FAE04EC0-301F-11D3-BF4B-00C04F79EFBC}") = "ScriptingTriggers", "ScriptingTriggers\ScriptingTriggers.csproj", "{F695B199-3061-4C08-80E2-535C0BE78F23}"
EndProject
Project("{FAE04EC0-301F-11D3-BF4B-00C04F79EFBC}") = "SynapseCapture", "SynapseCapture\SynapseCapture.csproj", "{0E4E7506-DC73-4788-A944-A68F73DF6F5B}"
EndProject
Project("{FAE04EC0-301F-11D3-BF4B-00C04F79EFBC}") = "SynapseTriggers", "SynapseTriggers\SynapseTriggers.csproj", "{36213CF0-706B-48A8-ABDC-A88965101E5B}"
EndProject
Project("{FAE04EC0-301F-11D3-BF4B-00C04F79EFBC}") = "TextDataWriter", "TextDataWriter\TextDataWriter.csproj", "{6916E216-A0FB-454F-851A-55223C87B081}"
EndProject
Project("{2150E333-8FDC-42A3-9474-1A3956D46DE8}") = "MediaSources", "MediaSources", "{566D006C-923C-4D33-BDB0-57BD78429DB1}"
EndProject
Project("{2150E333-8FDC-42A3-9474-1A3956D46DE8}") = "Triggers", "Triggers", "{7613CBFD-0D35-4495-AEC0-BED481515D78}"
EndProject
Project("{2150E333-8FDC-42A3-9474-1A3956D46DE8}") = "Recorders", "Recorders", "{B08F8C77-4FE3-4CC9-9706-2CD28116053F}"
EndProject
Global
	GlobalSection(SolutionConfigurationPlatforms) = preSolution
		Debug|Any CPU = Debug|Any CPU
		Release|Any CPU = Release|Any CPU
	EndGlobalSection
	GlobalSection(ProjectConfigurationPlatforms) = postSolution
		{BF8FDFEC-1160-4F80-A276-E8D9AED4F064}.Debug|Any CPU.ActiveCfg = Debug|Any CPU
		{BF8FDFEC-1160-4F80-A276-E8D9AED4F064}.Debug|Any CPU.Build.0 = Debug|Any CPU
		{BF8FDFEC-1160-4F80-A276-E8D9AED4F064}.Release|Any CPU.ActiveCfg = Release|Any CPU
		{BF8FDFEC-1160-4F80-A276-E8D9AED4F064}.Release|Any CPU.Build.0 = Release|Any CPU
		{26E1D815-420A-432E-A06C-73FED15AAF20}.Debug|Any CPU.ActiveCfg = Debug|Any CPU
		{26E1D815-420A-432E-A06C-73FED15AAF20}.Debug|Any CPU.Build.0 = Debug|Any CPU
		{26E1D815-420A-432E-A06C-73FED15AAF20}.Release|Any CPU.ActiveCfg = Release|Any CPU
		{26E1D815-420A-432E-A06C-73FED15AAF20}.Release|Any CPU.Build.0 = Release|Any CPU
		{7BA83073-4DFB-44CB-81BC-8FD9083F51BE}.Debug|Any CPU.ActiveCfg = Debug|Any CPU
		{7BA83073-4DFB-44CB-81BC-8FD9083F51BE}.Debug|Any CPU.Build.0 = Debug|Any CPU
		{7BA83073-4DFB-44CB-81BC-8FD9083F51BE}.Release|Any CPU.ActiveCfg = Release|Any CPU
		{7BA83073-4DFB-44CB-81BC-8FD9083F51BE}.Release|Any CPU.Build.0 = Release|Any CPU
		{BC9D6E89-50B2-4690-8B6A-28A73415F9A4}.Debug|Any CPU.ActiveCfg = Debug|Any CPU
		{BC9D6E89-50B2-4690-8B6A-28A73415F9A4}.Debug|Any CPU.Build.0 = Debug|Any CPU
		{BC9D6E89-50B2-4690-8B6A-28A73415F9A4}.Release|Any CPU.ActiveCfg = Release|Any CPU
		{BC9D6E89-50B2-4690-8B6A-28A73415F9A4}.Release|Any CPU.Build.0 = Release|Any CPU
		{D58A584B-6185-4AFC-BD43-047F1CA427F2}.Debug|Any CPU.ActiveCfg = Debug|Any CPU
		{D58A584B-6185-4AFC-BD43-047F1CA427F2}.Debug|Any CPU.Build.0 = Debug|Any CPU
		{D58A584B-6185-4AFC-BD43-047F1CA427F2}.Release|Any CPU.ActiveCfg = Release|Any CPU
		{D58A584B-6185-4AFC-BD43-047F1CA427F2}.Release|Any CPU.Build.0 = Release|Any CPU
		{0ED7502F-663F-456C-B6FE-F336C393689B}.Debug|Any CPU.ActiveCfg = Debug|Any CPU
		{0ED7502F-663F-456C-B6FE-F336C393689B}.Debug|Any CPU.Build.0 = Debug|Any CPU
		{0ED7502F-663F-456C-B6FE-F336C393689B}.Release|Any CPU.ActiveCfg = Release|Any CPU
		{0ED7502F-663F-456C-B6FE-F336C393689B}.Release|Any CPU.Build.0 = Release|Any CPU
		{F695B199-3061-4C08-80E2-535C0BE78F23}.Debug|Any CPU.ActiveCfg = Debug|Any CPU
		{F695B199-3061-4C08-80E2-535C0BE78F23}.Debug|Any CPU.Build.0 = Debug|Any CPU
		{F695B199-3061-4C08-80E2-535C0BE78F23}.Release|Any CPU.ActiveCfg = Release|Any CPU
		{F695B199-3061-4C08-80E2-535C0BE78F23}.Release|Any CPU.Build.0 = Release|Any CPU
		{0E4E7506-DC73-4788-A944-A68F73DF6F5B}.Debug|Any CPU.ActiveCfg = Debug|Any CPU
		{0E4E7506-DC73-4788-A944-A68F73DF6F5B}.Debug|Any CPU.Build.0 = Debug|Any CPU
		{0E4E7506-DC73-4788-A944-A68F73DF6F5B}.Release|Any CPU.ActiveCfg = Release|Any CPU
		{0E4E7506-DC73-4788-A944-A68F73DF6F5B}.Release|Any CPU.Build.0 = Release|Any CPU
		{36213CF0-706B-48A8-ABDC-A88965101E5B}.Debug|Any CPU.ActiveCfg = Debug|Any CPU
		{36213CF0-706B-48A8-ABDC-A88965101E5B}.Debug|Any CPU.Build.0 = Debug|Any CPU
		{36213CF0-706B-48A8-ABDC-A88965101E5B}.Release|Any CPU.ActiveCfg = Release|Any CPU
		{36213CF0-706B-48A8-ABDC-A88965101E5B}.Release|Any CPU.Build.0 = Release|Any CPU
		{6916E216-A0FB-454F-851A-55223C87B081}.Debug|Any CPU.ActiveCfg = Debug|Any CPU
		{6916E216-A0FB-454F-851A-55223C87B081}.Debug|Any CPU.Build.0 = Debug|Any CPU
		{6916E216-A0FB-454F-851A-55223C87B081}.Release|Any CPU.ActiveCfg = Release|Any CPU
		{6916E216-A0FB-454F-851A-55223C87B081}.Release|Any CPU.Build.0 = Release|Any CPU
	EndGlobalSection
	GlobalSection(SolutionProperties) = preSolution
		HideSolutionNode = FALSE
	EndGlobalSection
	GlobalSection(NestedProjects) = preSolution
		{26E1D815-420A-432E-A06C-73FED15AAF20} = {B08F8C77-4FE3-4CC9-9706-2CD28116053F}
		{7BA83073-4DFB-44CB-81BC-8FD9083F51BE} = {566D006C-923C-4D33-BDB0-57BD78429DB1}
		{BC9D6E89-50B2-4690-8B6A-28A73415F9A4} = {566D006C-923C-4D33-BDB0-57BD78429DB1}
		{0ED7502F-663F-456C-B6FE-F336C393689B} = {B08F8C77-4FE3-4CC9-9706-2CD28116053F}
		{F695B199-3061-4C08-80E2-535C0BE78F23} = {7613CBFD-0D35-4495-AEC0-BED481515D78}
		{0E4E7506-DC73-4788-A944-A68F73DF6F5B} = {566D006C-923C-4D33-BDB0-57BD78429DB1}
		{36213CF0-706B-48A8-ABDC-A88965101E5B} = {7613CBFD-0D35-4495-AEC0-BED481515D78}
		{6916E216-A0FB-454F-851A-55223C87B081} = {B08F8C77-4FE3-4CC9-9706-2CD28116053F}
	EndGlobalSection
	GlobalSection(ExtensibilityGlobals) = postSolution
		SolutionGuid = {FC0A9BFD-3FCD-472B-A901-9D219CB67BDE}
	EndGlobalSection
EndGlobal
